
Microsoft Visual Studio Solution File, Format Version 12.00
# Visual Studio Version 17
VisualStudioVersion = 17.7.34024.191
MinimumVisualStudioVersion = 10.0.40219.1
Project("{FAE04EC0-301F-11D3-BF4B-00C04F79EFBC}") = "CW2237A2", "CW2237A2\CW2237A2.csproj", "{BDE95CE3-007F-4C36-9E78-14F2C0B2FE82}"
EndProject
Global
	GlobalSection(SolutionConfigurationPlatforms) = preSolution
		Debug|Any CPU = Debug|Any CPU
		Release|Any CPU = Release|Any CPU
	EndGlobalSection
	GlobalSection(ProjectConfigurationPlatforms) = postSolution
		{BDE95CE3-007F-4C36-9E78-14F2C0B2FE82}.Debug|Any CPU.ActiveCfg = Debug|Any CPU
		{BDE95CE3-007F-4C36-9E78-14F2C0B2FE82}.Debug|Any CPU.Build.0 = Debug|Any CPU
		{BDE95CE3-007F-4C36-9E78-14F2C0B2FE82}.Release|Any CPU.ActiveCfg = Release|Any CPU
		{BDE95CE3-007F-4C36-9E78-14F2C0B2FE82}.Release|Any CPU.Build.0 = Release|Any CPU
	EndGlobalSection
	GlobalSection(SolutionProperties) = preSolution
		HideSolutionNode = FALSE
	EndGlobalSection
	GlobalSection(ExtensibilityGlobals) = postSolution
		SolutionGuid = {FAE14809-B395-498E-865F-C7104ECCF476}
	EndGlobalSection
EndGlobal
